
Microsoft Visual Studio Solution File, Format Version 12.00
# Visual Studio Version 17
VisualStudioVersion = 17.9.34728.123
MinimumVisualStudioVersion = 10.0.40219.1
Project("{FAE04EC0-301F-11D3-BF4B-00C04F79EFBC}") = "CodingExam", "CodingExam.csproj", "{3D941C93-6321-48B5-904A-5F1AD9B573A2}"
EndProject
Global
	GlobalSection(SolutionConfigurationPlatforms) = preSolution
		Debug|Any CPU = Debug|Any CPU
		Release|Any CPU = Release|Any CPU
	EndGlobalSection
	GlobalSection(ProjectConfigurationPlatforms) = postSolution
		{3D941C93-6321-48B5-904A-5F1AD9B573A2}.Debug|Any CPU.ActiveCfg = Debug|Any CPU
		{3D941C93-6321-48B5-904A-5F1AD9B573A2}.Debug|Any CPU.Build.0 = Debug|Any CPU
		{3D941C93-6321-48B5-904A-5F1AD9B573A2}.Release|Any CPU.ActiveCfg = Release|Any CPU
		{3D941C93-6321-48B5-904A-5F1AD9B573A2}.Release|Any CPU.Build.0 = Release|Any CPU
	EndGlobalSection
	GlobalSection(SolutionProperties) = preSolution
		HideSolutionNode = FALSE
	EndGlobalSection
	GlobalSection(ExtensibilityGlobals) = postSolution
		SolutionGuid = {DD380374-8CA7-4F32-ABA7-459B92592450}
	EndGlobalSection
EndGlobal
